// !$*UTF8*$!
{
	archiveVersion = 1;
	classes = {
	};
	objectVersion = 46;
	objects = {

/* Begin PBXBuildFile section */
		7DC29C68EC67BF285488D0AC /* Pods_Ascol.framework in Frameworks */ = {isa = PBXBuildFile; fileRef = 1FC365EEAD841383D1D3381F /* Pods_Ascol.framework */; };
		B072B13B3EF1271B9E7741A4 /* Pods_AscolUITests.framework in Frameworks */ = {isa = PBXBuildFile; fileRef = 0AB585F507D6CDF4E0B93013 /* Pods_AscolUITests.framework */; };
		EBA349211EBE2D0B002EE473 /* Post.swift in Sources */ = {isa = PBXBuildFile; fileRef = EBA349201EBE2D0B002EE473 /* Post.swift */; };
		EBA349241EBE35E0002EE473 /* DataService.swift in Sources */ = {isa = PBXBuildFile; fileRef = EBA349231EBE35E0002EE473 /* DataService.swift */; };
		EBA349281EBE6599002EE473 /* Profile.swift in Sources */ = {isa = PBXBuildFile; fileRef = EBA349271EBE6599002EE473 /* Profile.swift */; };
		EBA3492A1EBED846002EE473 /* CreatePostVC.swift in Sources */ = {isa = PBXBuildFile; fileRef = EBA349291EBED846002EE473 /* CreatePostVC.swift */; };
		EBEEE8131EB6EE6C00C83151 /* AppDelegate.swift in Sources */ = {isa = PBXBuildFile; fileRef = EBEEE8121EB6EE6C00C83151 /* AppDelegate.swift */; };
		EBEEE8151EB6EE6C00C83151 /* SignInVC.swift in Sources */ = {isa = PBXBuildFile; fileRef = EBEEE8141EB6EE6C00C83151 /* SignInVC.swift */; };
		EBEEE8181EB6EE6C00C83151 /* Main.storyboard in Resources */ = {isa = PBXBuildFile; fileRef = EBEEE8161EB6EE6C00C83151 /* Main.storyboard */; };
		EBEEE81A1EB6EE6C00C83151 /* Assets.xcassets in Resources */ = {isa = PBXBuildFile; fileRef = EBEEE8191EB6EE6C00C83151 /* Assets.xcassets */; };
		EBEEE81D1EB6EE6C00C83151 /* LaunchScreen.storyboard in Resources */ = {isa = PBXBuildFile; fileRef = EBEEE81B1EB6EE6C00C83151 /* LaunchScreen.storyboard */; };
		EBEEE8281EB6EE6C00C83151 /* AscolTests.swift in Sources */ = {isa = PBXBuildFile; fileRef = EBEEE8271EB6EE6C00C83151 /* AscolTests.swift */; };
		EBEEE8331EB6EE6C00C83151 /* AscolUITests.swift in Sources */ = {isa = PBXBuildFile; fileRef = EBEEE8321EB6EE6C00C83151 /* AscolUITests.swift */; };
		EBEEE8461EB6EF1700C83151 /* Constants.swift in Sources */ = {isa = PBXBuildFile; fileRef = EBEEE8451EB6EF1700C83151 /* Constants.swift */; };
		EBEEE8481EB6F44B00C83151 /* GoogleService-Info.plist in Resources */ = {isa = PBXBuildFile; fileRef = EBEEE8471EB6F44B00C83151 /* GoogleService-Info.plist */; };
		EBEEE84B1EB6F5FE00C83151 /* PostsVC.swift in Sources */ = {isa = PBXBuildFile; fileRef = EBEEE84A1EB6F5FE00C83151 /* PostsVC.swift */; };
		EBEEE84F1EB6F6BB00C83151 /* FancyText.swift in Sources */ = {isa = PBXBuildFile; fileRef = EBEEE84E1EB6F6BB00C83151 /* FancyText.swift */; };
		EBEEE8511EB6F6DA00C83151 /* FancyButton.swift in Sources */ = {isa = PBXBuildFile; fileRef = EBEEE8501EB6F6DA00C83151 /* FancyButton.swift */; };
		EBEEE8531EB6F70500C83151 /* RoundView.swift in Sources */ = {isa = PBXBuildFile; fileRef = EBEEE8521EB6F70500C83151 /* RoundView.swift */; };
		EBEEE8551EB6F72B00C83151 /* FancyView.swift in Sources */ = {isa = PBXBuildFile; fileRef = EBEEE8541EB6F72B00C83151 /* FancyView.swift */; };
		EBF421691EC69C8B00C5381C /* Comment.swift in Sources */ = {isa = PBXBuildFile; fileRef = EBF421681EC69C8B00C5381C /* Comment.swift */; };
		EBFCB9D01EB8108A00A10264 /* PostCell.swift in Sources */ = {isa = PBXBuildFile; fileRef = EBFCB9CF1EB8108A00A10264 /* PostCell.swift */; };
		EBFCB9D21EB87C2100A10264 /* PostDetailVC.swift in Sources */ = {isa = PBXBuildFile; fileRef = EBFCB9D11EB87C2100A10264 /* PostDetailVC.swift */; };
		EBFCB9D41EB88EFE00A10264 /* TitleText.swift in Sources */ = {isa = PBXBuildFile; fileRef = EBFCB9D31EB88EFE00A10264 /* TitleText.swift */; };
		EBFCB9D61EB89D8C00A10264 /* CommentsVC.swift in Sources */ = {isa = PBXBuildFile; fileRef = EBFCB9D51EB89D8C00A10264 /* CommentsVC.swift */; };
		EBFCB9D81EB8A53300A10264 /* CommentCell.swift in Sources */ = {isa = PBXBuildFile; fileRef = EBFCB9D71EB8A53300A10264 /* CommentCell.swift */; };
		EBFCB9DA1EB8B36600A10264 /* ProfileVC.swift in Sources */ = {isa = PBXBuildFile; fileRef = EBFCB9D91EB8B36600A10264 /* ProfileVC.swift */; };
		EBFCB9DE1EB8C14B00A10264 /* ProfileImage.swift in Sources */ = {isa = PBXBuildFile; fileRef = EBFCB9DD1EB8C14B00A10264 /* ProfileImage.swift */; };
		F4DEA9E8B64028E62D2F3537 /* Pods_AscolTests.framework in Frameworks */ = {isa = PBXBuildFile; fileRef = 4595D8E231C468B899F6C5E2 /* Pods_AscolTests.framework */; };
/* End PBXBuildFile section */

/* Begin PBXContainerItemProxy section */
		EBEEE8241EB6EE6C00C83151 /* PBXContainerItemProxy */ = {
			isa = PBXContainerItemProxy;
			containerPortal = EBEEE8071EB6EE6C00C83151 /* Project object */;
			proxyType = 1;
			remoteGlobalIDString = EBEEE80E1EB6EE6C00C83151;
			remoteInfo = Ascol;
		};
		EBEEE82F1EB6EE6C00C83151 /* PBXContainerItemProxy */ = {
			isa = PBXContainerItemProxy;
			containerPortal = EBEEE8071EB6EE6C00C83151 /* Project object */;
			proxyType = 1;
			remoteGlobalIDString = EBEEE80E1EB6EE6C00C83151;
			remoteInfo = Ascol;
		};
/* End PBXContainerItemProxy section */

/* Begin PBXFileReference section */
		0AB585F507D6CDF4E0B93013 /* Pods_AscolUITests.framework */ = {isa = PBXFileReference; explicitFileType = wrapper.framework; includeInIndex = 0; path = Pods_AscolUITests.framework; sourceTree = BUILT_PRODUCTS_DIR; };
		1FC365EEAD841383D1D3381F /* Pods_Ascol.framework */ = {isa = PBXFileReference; explicitFileType = wrapper.framework; includeInIndex = 0; path = Pods_Ascol.framework; sourceTree = BUILT_PRODUCTS_DIR; };
		24E758F952D2C8187A70FEC7 /* Pods-Ascol.release.xcconfig */ = {isa = PBXFileReference; includeInIndex = 1; lastKnownFileType = text.xcconfig; name = "Pods-Ascol.release.xcconfig"; path = "Pods/Target Support Files/Pods-Ascol/Pods-Ascol.release.xcconfig"; sourceTree = "<group>"; };
		3AD6B7D65909DE50BCCF6A9B /* Pods-AscolUITests.debug.xcconfig */ = {isa = PBXFileReference; includeInIndex = 1; lastKnownFileType = text.xcconfig; name = "Pods-AscolUITests.debug.xcconfig"; path = "Pods/Target Support Files/Pods-AscolUITests/Pods-AscolUITests.debug.xcconfig"; sourceTree = "<group>"; };
		4595D8E231C468B899F6C5E2 /* Pods_AscolTests.framework */ = {isa = PBXFileReference; explicitFileType = wrapper.framework; includeInIndex = 0; path = Pods_AscolTests.framework; sourceTree = BUILT_PRODUCTS_DIR; };
		4B302DD4501D3F6605A0A3BC /* Pods-AscolTests.release.xcconfig */ = {isa = PBXFileReference; includeInIndex = 1; lastKnownFileType = text.xcconfig; name = "Pods-AscolTests.release.xcconfig"; path = "Pods/Target Support Files/Pods-AscolTests/Pods-AscolTests.release.xcconfig"; sourceTree = "<group>"; };
		89B281083361AED4FB7DB563 /* Pods-AscolTests.debug.xcconfig */ = {isa = PBXFileReference; includeInIndex = 1; lastKnownFileType = text.xcconfig; name = "Pods-AscolTests.debug.xcconfig"; path = "Pods/Target Support Files/Pods-AscolTests/Pods-AscolTests.debug.xcconfig"; sourceTree = "<group>"; };
		98BDA71C96B13AC3F30B9EAC /* Pods-Ascol.debug.xcconfig */ = {isa = PBXFileReference; includeInIndex = 1; lastKnownFileType = text.xcconfig; name = "Pods-Ascol.debug.xcconfig"; path = "Pods/Target Support Files/Pods-Ascol/Pods-Ascol.debug.xcconfig"; sourceTree = "<group>"; };
		CE043780FA55E9D0D3357690 /* Pods-AscolUITests.release.xcconfig */ = {isa = PBXFileReference; includeInIndex = 1; lastKnownFileType = text.xcconfig; name = "Pods-AscolUITests.release.xcconfig"; path = "Pods/Target Support Files/Pods-AscolUITests/Pods-AscolUITests.release.xcconfig"; sourceTree = "<group>"; };
		EBA349201EBE2D0B002EE473 /* Post.swift */ = {isa = PBXFileReference; fileEncoding = 4; lastKnownFileType = sourcecode.swift; path = Post.swift; sourceTree = "<group>"; };
		EBA349231EBE35E0002EE473 /* DataService.swift */ = {isa = PBXFileReference; fileEncoding = 4; lastKnownFileType = sourcecode.swift; path = DataService.swift; sourceTree = "<group>"; };
		EBA349271EBE6599002EE473 /* Profile.swift */ = {isa = PBXFileReference; fileEncoding = 4; lastKnownFileType = sourcecode.swift; path = Profile.swift; sourceTree = "<group>"; };
		EBA349291EBED846002EE473 /* CreatePostVC.swift */ = {isa = PBXFileReference; fileEncoding = 4; lastKnownFileType = sourcecode.swift; path = CreatePostVC.swift; sourceTree = "<group>"; };
		EBEEE80F1EB6EE6C00C83151 /* Ascol.app */ = {isa = PBXFileReference; explicitFileType = wrapper.application; includeInIndex = 0; path = Ascol.app; sourceTree = BUILT_PRODUCTS_DIR; };
		EBEEE8121EB6EE6C00C83151 /* AppDelegate.swift */ = {isa = PBXFileReference; lastKnownFileType = sourcecode.swift; path = AppDelegate.swift; sourceTree = "<group>"; };
		EBEEE8141EB6EE6C00C83151 /* SignInVC.swift */ = {isa = PBXFileReference; lastKnownFileType = sourcecode.swift; path = SignInVC.swift; sourceTree = "<group>"; };
		EBEEE8171EB6EE6C00C83151 /* Base */ = {isa = PBXFileReference; lastKnownFileType = file.storyboard; name = Base; path = Base.lproj/Main.storyboard; sourceTree = "<group>"; };
		EBEEE8191EB6EE6C00C83151 /* Assets.xcassets */ = {isa = PBXFileReference; lastKnownFileType = folder.assetcatalog; path = Assets.xcassets; sourceTree = "<group>"; };
		EBEEE81C1EB6EE6C00C83151 /* Base */ = {isa = PBXFileReference; lastKnownFileType = file.storyboard; name = Base; path = Base.lproj/LaunchScreen.storyboard; sourceTree = "<group>"; };
		EBEEE81E1EB6EE6C00C83151 /* Info.plist */ = {isa = PBXFileReference; lastKnownFileType = text.plist.xml; path = Info.plist; sourceTree = "<group>"; };
		EBEEE8231EB6EE6C00C83151 /* AscolTests.xctest */ = {isa = PBXFileReference; explicitFileType = wrapper.cfbundle; includeInIndex = 0; path = AscolTests.xctest; sourceTree = BUILT_PRODUCTS_DIR; };
		EBEEE8271EB6EE6C00C83151 /* AscolTests.swift */ = {isa = PBXFileReference; lastKnownFileType = sourcecode.swift; path = AscolTests.swift; sourceTree = "<group>"; };
		EBEEE8291EB6EE6C00C83151 /* Info.plist */ = {isa = PBXFileReference; lastKnownFileType = text.plist.xml; path = Info.plist; sourceTree = "<group>"; };
		EBEEE82E1EB6EE6C00C83151 /* AscolUITests.xctest */ = {isa = PBXFileReference; explicitFileType = wrapper.cfbundle; includeInIndex = 0; path = AscolUITests.xctest; sourceTree = BUILT_PRODUCTS_DIR; };
		EBEEE8321EB6EE6C00C83151 /* AscolUITests.swift */ = {isa = PBXFileReference; lastKnownFileType = sourcecode.swift; path = AscolUITests.swift; sourceTree = "<group>"; };
		EBEEE8341EB6EE6C00C83151 /* Info.plist */ = {isa = PBXFileReference; lastKnownFileType = text.plist.xml; path = Info.plist; sourceTree = "<group>"; };
		EBEEE8451EB6EF1700C83151 /* Constants.swift */ = {isa = PBXFileReference; fileEncoding = 4; lastKnownFileType = sourcecode.swift; path = Constants.swift; sourceTree = "<group>"; };
		EBEEE8471EB6F44B00C83151 /* GoogleService-Info.plist */ = {isa = PBXFileReference; fileEncoding = 4; lastKnownFileType = text.plist.xml; path = "GoogleService-Info.plist"; sourceTree = "<group>"; };
		EBEEE8491EB6F5C200C83151 /* Ascol.entitlements */ = {isa = PBXFileReference; lastKnownFileType = text.plist.entitlements; path = Ascol.entitlements; sourceTree = "<group>"; };
		EBEEE84A1EB6F5FE00C83151 /* PostsVC.swift */ = {isa = PBXFileReference; fileEncoding = 4; lastKnownFileType = sourcecode.swift; path = PostsVC.swift; sourceTree = "<group>"; };
		EBEEE84E1EB6F6BB00C83151 /* FancyText.swift */ = {isa = PBXFileReference; fileEncoding = 4; lastKnownFileType = sourcecode.swift; path = FancyText.swift; sourceTree = "<group>"; };
		EBEEE8501EB6F6DA00C83151 /* FancyButton.swift */ = {isa = PBXFileReference; fileEncoding = 4; lastKnownFileType = sourcecode.swift; path = FancyButton.swift; sourceTree = "<group>"; };
		EBEEE8521EB6F70500C83151 /* RoundView.swift */ = {isa = PBXFileReference; fileEncoding = 4; lastKnownFileType = sourcecode.swift; path = RoundView.swift; sourceTree = "<group>"; };
		EBEEE8541EB6F72B00C83151 /* FancyView.swift */ = {isa = PBXFileReference; fileEncoding = 4; lastKnownFileType = sourcecode.swift; path = FancyView.swift; sourceTree = "<group>"; };
		EBF421681EC69C8B00C5381C /* Comment.swift */ = {isa = PBXFileReference; fileEncoding = 4; lastKnownFileType = sourcecode.swift; path = Comment.swift; sourceTree = "<group>"; };
		EBFCB9CF1EB8108A00A10264 /* PostCell.swift */ = {isa = PBXFileReference; fileEncoding = 4; lastKnownFileType = sourcecode.swift; path = PostCell.swift; sourceTree = "<group>"; };
		EBFCB9D11EB87C2100A10264 /* PostDetailVC.swift */ = {isa = PBXFileReference; fileEncoding = 4; lastKnownFileType = sourcecode.swift; path = PostDetailVC.swift; sourceTree = "<group>"; };
		EBFCB9D31EB88EFE00A10264 /* TitleText.swift */ = {isa = PBXFileReference; fileEncoding = 4; lastKnownFileType = sourcecode.swift; path = TitleText.swift; sourceTree = "<group>"; };
		EBFCB9D51EB89D8C00A10264 /* CommentsVC.swift */ = {isa = PBXFileReference; fileEncoding = 4; lastKnownFileType = sourcecode.swift; path = CommentsVC.swift; sourceTree = "<group>"; };
		EBFCB9D71EB8A53300A10264 /* CommentCell.swift */ = {isa = PBXFileReference; fileEncoding = 4; lastKnownFileType = sourcecode.swift; path = CommentCell.swift; sourceTree = "<group>"; };
		EBFCB9D91EB8B36600A10264 /* ProfileVC.swift */ = {isa = PBXFileReference; fileEncoding = 4; lastKnownFileType = sourcecode.swift; path = ProfileVC.swift; sourceTree = "<group>"; };
		EBFCB9DD1EB8C14B00A10264 /* ProfileImage.swift */ = {isa = PBXFileReference; fileEncoding = 4; lastKnownFileType = sourcecode.swift; path = ProfileImage.swift; sourceTree = "<group>"; };
/* End PBXFileReference section */

/* Begin PBXFrameworksBuildPhase section */
		EBEEE80C1EB6EE6C00C83151 /* Frameworks */ = {
			isa = PBXFrameworksBuildPhase;
			buildActionMask = 2147483647;
			files = (
				7DC29C68EC67BF285488D0AC /* Pods_Ascol.framework in Frameworks */,
			);
			runOnlyForDeploymentPostprocessing = 0;
		};
		EBEEE8201EB6EE6C00C83151 /* Frameworks */ = {
			isa = PBXFrameworksBuildPhase;
			buildActionMask = 2147483647;
			files = (
				F4DEA9E8B64028E62D2F3537 /* Pods_AscolTests.framework in Frameworks */,
			);
			runOnlyForDeploymentPostprocessing = 0;
		};
		EBEEE82B1EB6EE6C00C83151 /* Frameworks */ = {
			isa = PBXFrameworksBuildPhase;
			buildActionMask = 2147483647;
			files = (
				B072B13B3EF1271B9E7741A4 /* Pods_AscolUITests.framework in Frameworks */,
			);
			runOnlyForDeploymentPostprocessing = 0;
		};
/* End PBXFrameworksBuildPhase section */

/* Begin PBXGroup section */
		D85142D1D9E95E4F9451FC9C /* Pods */ = {
			isa = PBXGroup;
			children = (
				98BDA71C96B13AC3F30B9EAC /* Pods-Ascol.debug.xcconfig */,
				24E758F952D2C8187A70FEC7 /* Pods-Ascol.release.xcconfig */,
				89B281083361AED4FB7DB563 /* Pods-AscolTests.debug.xcconfig */,
				4B302DD4501D3F6605A0A3BC /* Pods-AscolTests.release.xcconfig */,
				3AD6B7D65909DE50BCCF6A9B /* Pods-AscolUITests.debug.xcconfig */,
				CE043780FA55E9D0D3357690 /* Pods-AscolUITests.release.xcconfig */,
			);
			name = Pods;
			sourceTree = "<group>";
		};
		EBA349221EBE35CF002EE473 /* Services */ = {
			isa = PBXGroup;
			children = (
				EBA349231EBE35E0002EE473 /* DataService.swift */,
			);
			name = Services;
			sourceTree = "<group>";
		};
		EBEEE8061EB6EE6C00C83151 = {
			isa = PBXGroup;
			children = (
				EBEEE8111EB6EE6C00C83151 /* Ascol */,
				EBEEE8261EB6EE6C00C83151 /* AscolTests */,
				EBEEE8311EB6EE6C00C83151 /* AscolUITests */,
				EBEEE8101EB6EE6C00C83151 /* Products */,
				D85142D1D9E95E4F9451FC9C /* Pods */,
				F4FAE9B2B39B2AEF589B18D1 /* Frameworks */,
			);
			sourceTree = "<group>";
		};
		EBEEE8101EB6EE6C00C83151 /* Products */ = {
			isa = PBXGroup;
			children = (
				EBEEE80F1EB6EE6C00C83151 /* Ascol.app */,
				EBEEE8231EB6EE6C00C83151 /* AscolTests.xctest */,
				EBEEE82E1EB6EE6C00C83151 /* AscolUITests.xctest */,
			);
			name = Products;
			sourceTree = "<group>";
		};
		EBEEE8111EB6EE6C00C83151 /* Ascol */ = {
			isa = PBXGroup;
			children = (
				EBA349221EBE35CF002EE473 /* Services */,
				EBEEE8491EB6F5C200C83151 /* Ascol.entitlements */,
				EBEEE8441EB6EF0C00C83151 /* Utils */,
				EBEEE8421EB6EE9700C83151 /* Controller */,
				EBEEE8411EB6EE9000C83151 /* Model */,
				EBEEE8401EB6EE8300C83151 /* View */,
				EBEEE8121EB6EE6C00C83151 /* AppDelegate.swift */,
				EBEEE8161EB6EE6C00C83151 /* Main.storyboard */,
				EBEEE8191EB6EE6C00C83151 /* Assets.xcassets */,
				EBEEE8471EB6F44B00C83151 /* GoogleService-Info.plist */,
				EBEEE81B1EB6EE6C00C83151 /* LaunchScreen.storyboard */,
				EBEEE81E1EB6EE6C00C83151 /* Info.plist */,
			);
			path = Ascol;
			sourceTree = "<group>";
		};
		EBEEE8261EB6EE6C00C83151 /* AscolTests */ = {
			isa = PBXGroup;
			children = (
				EBEEE8271EB6EE6C00C83151 /* AscolTests.swift */,
				EBEEE8291EB6EE6C00C83151 /* Info.plist */,
			);
			path = AscolTests;
			sourceTree = "<group>";
		};
		EBEEE8311EB6EE6C00C83151 /* AscolUITests */ = {
			isa = PBXGroup;
			children = (
				EBEEE8321EB6EE6C00C83151 /* AscolUITests.swift */,
				EBEEE8341EB6EE6C00C83151 /* Info.plist */,
			);
			path = AscolUITests;
			sourceTree = "<group>";
		};
		EBEEE8401EB6EE8300C83151 /* View */ = {
			isa = PBXGroup;
			children = (
				EBEEE84E1EB6F6BB00C83151 /* FancyText.swift */,
				EBEEE8501EB6F6DA00C83151 /* FancyButton.swift */,
				EBEEE8521EB6F70500C83151 /* RoundView.swift */,
				EBEEE8541EB6F72B00C83151 /* FancyView.swift */,
				EBFCB9CF1EB8108A00A10264 /* PostCell.swift */,
				EBFCB9D31EB88EFE00A10264 /* TitleText.swift */,
				EBFCB9D71EB8A53300A10264 /* CommentCell.swift */,
				EBFCB9DD1EB8C14B00A10264 /* ProfileImage.swift */,
			);
			name = View;
			sourceTree = "<group>";
		};
		EBEEE8411EB6EE9000C83151 /* Model */ = {
			isa = PBXGroup;
			children = (
				EBA349201EBE2D0B002EE473 /* Post.swift */,
				EBA349271EBE6599002EE473 /* Profile.swift */,
				EBF421681EC69C8B00C5381C /* Comment.swift */,
			);
			name = Model;
			sourceTree = "<group>";
		};
		EBEEE8421EB6EE9700C83151 /* Controller */ = {
			isa = PBXGroup;
			children = (
				EBEEE8141EB6EE6C00C83151 /* SignInVC.swift */,
				EBEEE84A1EB6F5FE00C83151 /* PostsVC.swift */,
				EBFCB9D11EB87C2100A10264 /* PostDetailVC.swift */,
				EBFCB9D51EB89D8C00A10264 /* CommentsVC.swift */,
				EBFCB9D91EB8B36600A10264 /* ProfileVC.swift */,
				EBA349291EBED846002EE473 /* CreatePostVC.swift */,
			);
			name = Controller;
			sourceTree = "<group>";
		};
		EBEEE8441EB6EF0C00C83151 /* Utils */ = {
			isa = PBXGroup;
			children = (
				EBEEE8451EB6EF1700C83151 /* Constants.swift */,
			);
			name = Utils;
			sourceTree = "<group>";
		};
		F4FAE9B2B39B2AEF589B18D1 /* Frameworks */ = {
			isa = PBXGroup;
			children = (
				1FC365EEAD841383D1D3381F /* Pods_Ascol.framework */,
				4595D8E231C468B899F6C5E2 /* Pods_AscolTests.framework */,
				0AB585F507D6CDF4E0B93013 /* Pods_AscolUITests.framework */,
			);
			name = Frameworks;
			sourceTree = "<group>";
		};
/* End PBXGroup section */

/* Begin PBXNativeTarget section */
		EBEEE80E1EB6EE6C00C83151 /* Ascol */ = {
			isa = PBXNativeTarget;
			buildConfigurationList = EBEEE8371EB6EE6C00C83151 /* Build configuration list for PBXNativeTarget "Ascol" */;
			buildPhases = (
				577300C0050793E3043ED86E /* [CP] Check Pods Manifest.lock */,
				EBEEE80B1EB6EE6C00C83151 /* Sources */,
				EBEEE80C1EB6EE6C00C83151 /* Frameworks */,
				EBEEE80D1EB6EE6C00C83151 /* Resources */,
				0A155DFB2B9E814DD4F84795 /* [CP] Embed Pods Frameworks */,
				EACE192F9187B618A0EABEC1 /* [CP] Copy Pods Resources */,
			);
			buildRules = (
			);
			dependencies = (
			);
			name = Ascol;
			productName = Ascol;
			productReference = EBEEE80F1EB6EE6C00C83151 /* Ascol.app */;
			productType = "com.apple.product-type.application";
		};
		EBEEE8221EB6EE6C00C83151 /* AscolTests */ = {
			isa = PBXNativeTarget;
			buildConfigurationList = EBEEE83A1EB6EE6C00C83151 /* Build configuration list for PBXNativeTarget "AscolTests" */;
			buildPhases = (
				D75935AEC70E55AA07D1C1A3 /* [CP] Check Pods Manifest.lock */,
				EBEEE81F1EB6EE6C00C83151 /* Sources */,
				EBEEE8201EB6EE6C00C83151 /* Frameworks */,
				EBEEE8211EB6EE6C00C83151 /* Resources */,
				F37A26E650CD44866F9BC7F5 /* [CP] Embed Pods Frameworks */,
				B04CBE59212796B20CE69237 /* [CP] Copy Pods Resources */,
			);
			buildRules = (
			);
			dependencies = (
				EBEEE8251EB6EE6C00C83151 /* PBXTargetDependency */,
			);
			name = AscolTests;
			productName = AscolTests;
			productReference = EBEEE8231EB6EE6C00C83151 /* AscolTests.xctest */;
			productType = "com.apple.product-type.bundle.unit-test";
		};
		EBEEE82D1EB6EE6C00C83151 /* AscolUITests */ = {
			isa = PBXNativeTarget;
			buildConfigurationList = EBEEE83D1EB6EE6C00C83151 /* Build configuration list for PBXNativeTarget "AscolUITests" */;
			buildPhases = (
				DCFAF14F7804EBADB24B5037 /* [CP] Check Pods Manifest.lock */,
				EBEEE82A1EB6EE6C00C83151 /* Sources */,
				EBEEE82B1EB6EE6C00C83151 /* Frameworks */,
				EBEEE82C1EB6EE6C00C83151 /* Resources */,
				DBA4E2D568B3BD93C614EA85 /* [CP] Embed Pods Frameworks */,
				64DBA952B3ACBCB31B4D11C7 /* [CP] Copy Pods Resources */,
			);
			buildRules = (
			);
			dependencies = (
				EBEEE8301EB6EE6C00C83151 /* PBXTargetDependency */,
			);
			name = AscolUITests;
			productName = AscolUITests;
			productReference = EBEEE82E1EB6EE6C00C83151 /* AscolUITests.xctest */;
			productType = "com.apple.product-type.bundle.ui-testing";
		};
/* End PBXNativeTarget section */

/* Begin PBXProject section */
		EBEEE8071EB6EE6C00C83151 /* Project object */ = {
			isa = PBXProject;
			attributes = {
				LastSwiftUpdateCheck = 0830;
				LastUpgradeCheck = 0830;
				ORGANIZATIONNAME = "Jamel Reid ";
				TargetAttributes = {
					EBEEE80E1EB6EE6C00C83151 = {
						CreatedOnToolsVersion = 8.3.2;
						DevelopmentTeam = 8RD37RWZ37;
						ProvisioningStyle = Automatic;
						SystemCapabilities = {
							com.apple.Keychain = {
								enabled = 1;
							};
						};
					};
					EBEEE8221EB6EE6C00C83151 = {
						CreatedOnToolsVersion = 8.3.2;
						DevelopmentTeam = 8RD37RWZ37;
						ProvisioningStyle = Automatic;
						TestTargetID = EBEEE80E1EB6EE6C00C83151;
					};
					EBEEE82D1EB6EE6C00C83151 = {
						CreatedOnToolsVersion = 8.3.2;
						DevelopmentTeam = 8RD37RWZ37;
						ProvisioningStyle = Automatic;
						TestTargetID = EBEEE80E1EB6EE6C00C83151;
					};
				};
			};
			buildConfigurationList = EBEEE80A1EB6EE6C00C83151 /* Build configuration list for PBXProject "Ascol" */;
			compatibilityVersion = "Xcode 3.2";
			developmentRegion = English;
			hasScannedForEncodings = 0;
			knownRegions = (
				en,
				Base,
			);
			mainGroup = EBEEE8061EB6EE6C00C83151;
			productRefGroup = EBEEE8101EB6EE6C00C83151 /* Products */;
			projectDirPath = "";
			projectRoot = "";
			targets = (
				EBEEE80E1EB6EE6C00C83151 /* Ascol */,
				EBEEE8221EB6EE6C00C83151 /* AscolTests */,
				EBEEE82D1EB6EE6C00C83151 /* AscolUITests */,
			);
		};
/* End PBXProject section */

/* Begin PBXResourcesBuildPhase section */
		EBEEE80D1EB6EE6C00C83151 /* Resources */ = {
			isa = PBXResourcesBuildPhase;
			buildActionMask = 2147483647;
			files = (
				EBEEE81D1EB6EE6C00C83151 /* LaunchScreen.storyboard in Resources */,
				EBEEE8481EB6F44B00C83151 /* GoogleService-Info.plist in Resources */,
				EBEEE81A1EB6EE6C00C83151 /* Assets.xcassets in Resources */,
				EBEEE8181EB6EE6C00C83151 /* Main.storyboard in Resources */,
			);
			runOnlyForDeploymentPostprocessing = 0;
		};
		EBEEE8211EB6EE6C00C83151 /* Resources */ = {
			isa = PBXResourcesBuildPhase;
			buildActionMask = 2147483647;
			files = (
			);
			runOnlyForDeploymentPostprocessing = 0;
		};
		EBEEE82C1EB6EE6C00C83151 /* Resources */ = {
			isa = PBXResourcesBuildPhase;
			buildActionMask = 2147483647;
			files = (
			);
			runOnlyForDeploymentPostprocessing = 0;
		};
/* End PBXResourcesBuildPhase section */

/* Begin PBXShellScriptBuildPhase section */
		0A155DFB2B9E814DD4F84795 /* [CP] Embed Pods Frameworks */ = {
			isa = PBXShellScriptBuildPhase;
			buildActionMask = 2147483647;
			files = (
			);
			inputPaths = (
			);
			name = "[CP] Embed Pods Frameworks";
			outputPaths = (
			);
			runOnlyForDeploymentPostprocessing = 0;
			shellPath = /bin/sh;
			shellScript = "\"${SRCROOT}/Pods/Target Support Files/Pods-Ascol/Pods-Ascol-frameworks.sh\"\n";
			showEnvVarsInLog = 0;
		};
		577300C0050793E3043ED86E /* [CP] Check Pods Manifest.lock */ = {
			isa = PBXShellScriptBuildPhase;
			buildActionMask = 2147483647;
			files = (
			);
			inputPaths = (
			);
			name = "[CP] Check Pods Manifest.lock";
			outputPaths = (
			);
			runOnlyForDeploymentPostprocessing = 0;
			shellPath = /bin/sh;
			shellScript = "diff \"${PODS_PODFILE_DIR_PATH}/Podfile.lock\" \"${PODS_ROOT}/Manifest.lock\" > /dev/null\nif [ $? != 0 ] ; then\n    # print error to STDERR\n    echo \"error: The sandbox is not in sync with the Podfile.lock. Run 'pod install' or update your CocoaPods installation.\" >&2\n    exit 1\nfi\n";
			showEnvVarsInLog = 0;
		};
		64DBA952B3ACBCB31B4D11C7 /* [CP] Copy Pods Resources */ = {
			isa = PBXShellScriptBuildPhase;
			buildActionMask = 2147483647;
			files = (
			);
			inputPaths = (
			);
			name = "[CP] Copy Pods Resources";
			outputPaths = (
			);
			runOnlyForDeploymentPostprocessing = 0;
			shellPath = /bin/sh;
			shellScript = "\"${SRCROOT}/Pods/Target Support Files/Pods-AscolUITests/Pods-AscolUITests-resources.sh\"\n";
			showEnvVarsInLog = 0;
		};
		B04CBE59212796B20CE69237 /* [CP] Copy Pods Resources */ = {
			isa = PBXShellScriptBuildPhase;
			buildActionMask = 2147483647;
			files = (
			);
			inputPaths = (
			);
			name = "[CP] Copy Pods Resources";
			outputPaths = (
			);
			runOnlyForDeploymentPostprocessing = 0;
			shellPath = /bin/sh;
			shellScript = "\"${SRCROOT}/Pods/Target Support Files/Pods-AscolTests/Pods-AscolTests-resources.sh\"\n";
			showEnvVarsInLog = 0;
		};
		D75935AEC70E55AA07D1C1A3 /* [CP] Check Pods Manifest.lock */ = {
			isa = PBXShellScriptBuildPhase;
			buildActionMask = 2147483647;
			files = (
			);
			inputPaths = (
			);
			name = "[CP] Check Pods Manifest.lock";
			outputPaths = (
			);
			runOnlyForDeploymentPostprocessing = 0;
			shellPath = /bin/sh;
			shellScript = "diff \"${PODS_PODFILE_DIR_PATH}/Podfile.lock\" \"${PODS_ROOT}/Manifest.lock\" > /dev/null\nif [ $? != 0 ] ; then\n    # print error to STDERR\n    echo \"error: The sandbox is not in sync with the Podfile.lock. Run 'pod install' or update your CocoaPods installation.\" >&2\n    exit 1\nfi\n";
			showEnvVarsInLog = 0;
		};
		DBA4E2D568B3BD93C614EA85 /* [CP] Embed Pods Frameworks */ = {
			isa = PBXShellScriptBuildPhase;
			buildActionMask = 2147483647;
			files = (
			);
			inputPaths = (
			);
			name = "[CP] Embed Pods Frameworks";
			outputPaths = (
			);
			runOnlyForDeploymentPostprocessing = 0;
			shellPath = /bin/sh;
			shellScript = "\"${SRCROOT}/Pods/Target Support Files/Pods-AscolUITests/Pods-AscolUITests-frameworks.sh\"\n";
			showEnvVarsInLog = 0;
		};
		DCFAF14F7804EBADB24B5037 /* [CP] Check Pods Manifest.lock */ = {
			isa = PBXShellScriptBuildPhase;
			buildActionMask = 2147483647;
			files = (
			);
			inputPaths = (
			);
			name = "[CP] Check Pods Manifest.lock";
			outputPaths = (
			);
			runOnlyForDeploymentPostprocessing = 0;
			shellPath = /bin/sh;
			shellScript = "diff \"${PODS_PODFILE_DIR_PATH}/Podfile.lock\" \"${PODS_ROOT}/Manifest.lock\" > /dev/null\nif [ $? != 0 ] ; then\n    # print error to STDERR\n    echo \"error: The sandbox is not in sync with the Podfile.lock. Run 'pod install' or update your CocoaPods installation.\" >&2\n    exit 1\nfi\n";
			showEnvVarsInLog = 0;
		};
		EACE192F9187B618A0EABEC1 /* [CP] Copy Pods Resources */ = {
			isa = PBXShellScriptBuildPhase;
			buildActionMask = 2147483647;
			files = (
			);
			inputPaths = (
			);
			name = "[CP] Copy Pods Resources";
			outputPaths = (
			);
			runOnlyForDeploymentPostprocessing = 0;
			shellPath = /bin/sh;
			shellScript = "\"${SRCROOT}/Pods/Target Support Files/Pods-Ascol/Pods-Ascol-resources.sh\"\n";
			showEnvVarsInLog = 0;
		};
		F37A26E650CD44866F9BC7F5 /* [CP] Embed Pods Frameworks */ = {
			isa = PBXShellScriptBuildPhase;
			buildActionMask = 2147483647;
			files = (
			);
			inputPaths = (
			);
			name = "[CP] Embed Pods Frameworks";
			outputPaths = (
			);
			runOnlyForDeploymentPostprocessing = 0;
			shellPath = /bin/sh;
			shellScript = "\"${SRCROOT}/Pods/Target Support Files/Pods-AscolTests/Pods-AscolTests-frameworks.sh\"\n";
			showEnvVarsInLog = 0;
		};
/* End PBXShellScriptBuildPhase section */

/* Begin PBXSourcesBuildPhase section */
		EBEEE80B1EB6EE6C00C83151 /* Sources */ = {
			isa = PBXSourcesBuildPhase;
			buildActionMask = 2147483647;
			files = (
				EBFCB9D81EB8A53300A10264 /* CommentCell.swift in Sources */,
				EBEEE84B1EB6F5FE00C83151 /* PostsVC.swift in Sources */,
				EBFCB9DA1EB8B36600A10264 /* ProfileVC.swift in Sources */,
				EBEEE8531EB6F70500C83151 /* RoundView.swift in Sources */,
				EBFCB9D61EB89D8C00A10264 /* CommentsVC.swift in Sources */,
				EBEEE84F1EB6F6BB00C83151 /* FancyText.swift in Sources */,
				EBEEE8151EB6EE6C00C83151 /* SignInVC.swift in Sources */,
				EBA349281EBE6599002EE473 /* Profile.swift in Sources */,
				EBFCB9D41EB88EFE00A10264 /* TitleText.swift in Sources */,
				EBEEE8511EB6F6DA00C83151 /* FancyButton.swift in Sources */,
				EBFCB9D01EB8108A00A10264 /* PostCell.swift in Sources */,
				EBEEE8131EB6EE6C00C83151 /* AppDelegate.swift in Sources */,
				EBA349211EBE2D0B002EE473 /* Post.swift in Sources */,
				EBFCB9D21EB87C2100A10264 /* PostDetailVC.swift in Sources */,
				EBEEE8551EB6F72B00C83151 /* FancyView.swift in Sources */,
				EBF421691EC69C8B00C5381C /* Comment.swift in Sources */,
				EBFCB9DE1EB8C14B00A10264 /* ProfileImage.swift in Sources */,
				EBEEE8461EB6EF1700C83151 /* Constants.swift in Sources */,
				EBA3492A1EBED846002EE473 /* CreatePostVC.swift in Sources */,
				EBA349241EBE35E0002EE473 /* DataService.swift in Sources */,
			);
			runOnlyForDeploymentPostprocessing = 0;
		};
		EBEEE81F1EB6EE6C00C83151 /* Sources */ = {
			isa = PBXSourcesBuildPhase;
			buildActionMask = 2147483647;
			files = (
				EBEEE8281EB6EE6C00C83151 /* AscolTests.swift in Sources */,
			);
			runOnlyForDeploymentPostprocessing = 0;
		};
		EBEEE82A1EB6EE6C00C83151 /* Sources */ = {
			isa = PBXSourcesBuildPhase;
			buildActionMask = 2147483647;
			files = (
				EBEEE8331EB6EE6C00C83151 /* AscolUITests.swift in Sources */,
			);
			runOnlyForDeploymentPostprocessing = 0;
		};
/* End PBXSourcesBuildPhase section */

/* Begin PBXTargetDependency section */
		EBEEE8251EB6EE6C00C83151 /* PBXTargetDependency */ = {
			isa = PBXTargetDependency;
			target = EBEEE80E1EB6EE6C00C83151 /* Ascol */;
			targetProxy = EBEEE8241EB6EE6C00C83151 /* PBXContainerItemProxy */;
		};
		EBEEE8301EB6EE6C00C83151 /* PBXTargetDependency */ = {
			isa = PBXTargetDependency;
			target = EBEEE80E1EB6EE6C00C83151 /* Ascol */;
			targetProxy = EBEEE82F1EB6EE6C00C83151 /* PBXContainerItemProxy */;
		};
/* End PBXTargetDependency section */

/* Begin PBXVariantGroup section */
		EBEEE8161EB6EE6C00C83151 /* Main.storyboard */ = {
			isa = PBXVariantGroup;
			children = (
				EBEEE8171EB6EE6C00C83151 /* Base */,
			);
			name = Main.storyboard;
			sourceTree = "<group>";
		};
		EBEEE81B1EB6EE6C00C83151 /* LaunchScreen.storyboard */ = {
			isa = PBXVariantGroup;
			children = (
				EBEEE81C1EB6EE6C00C83151 /* Base */,
			);
			name = LaunchScreen.storyboard;
			sourceTree = "<group>";
		};
/* End PBXVariantGroup section */

/* Begin XCBuildConfiguration section */
		EBEEE8351EB6EE6C00C83151 /* Debug */ = {
			isa = XCBuildConfiguration;
			buildSettings = {
				ALWAYS_SEARCH_USER_PATHS = NO;
				CLANG_ANALYZER_NONNULL = YES;
				CLANG_ANALYZER_NUMBER_OBJECT_CONVERSION = YES_AGGRESSIVE;
				CLANG_CXX_LANGUAGE_STANDARD = "gnu++0x";
				CLANG_CXX_LIBRARY = "libc++";
				CLANG_ENABLE_MODULES = YES;
				CLANG_ENABLE_OBJC_ARC = YES;
				CLANG_WARN_BOOL_CONVERSION = YES;
				CLANG_WARN_CONSTANT_CONVERSION = YES;
				CLANG_WARN_DIRECT_OBJC_ISA_USAGE = YES_ERROR;
				CLANG_WARN_DOCUMENTATION_COMMENTS = YES;
				CLANG_WARN_EMPTY_BODY = YES;
				CLANG_WARN_ENUM_CONVERSION = YES;
				CLANG_WARN_INFINITE_RECURSION = YES;
				CLANG_WARN_INT_CONVERSION = YES;
				CLANG_WARN_OBJC_ROOT_CLASS = YES_ERROR;
				CLANG_WARN_SUSPICIOUS_MOVE = YES;
				CLANG_WARN_UNREACHABLE_CODE = YES;
				CLANG_WARN__DUPLICATE_METHOD_MATCH = YES;
				"CODE_SIGN_IDENTITY[sdk=iphoneos*]" = "iPhone Developer";
				COPY_PHASE_STRIP = NO;
				DEBUG_INFORMATION_FORMAT = dwarf;
				ENABLE_STRICT_OBJC_MSGSEND = YES;
				ENABLE_TESTABILITY = YES;
				GCC_C_LANGUAGE_STANDARD = gnu99;
				GCC_DYNAMIC_NO_PIC = NO;
				GCC_NO_COMMON_BLOCKS = YES;
				GCC_OPTIMIZATION_LEVEL = 0;
				GCC_PREPROCESSOR_DEFINITIONS = (
					"DEBUG=1",
					"$(inherited)",
				);
				GCC_WARN_64_TO_32_BIT_CONVERSION = YES;
				GCC_WARN_ABOUT_RETURN_TYPE = YES_ERROR;
				GCC_WARN_UNDECLARED_SELECTOR = YES;
				GCC_WARN_UNINITIALIZED_AUTOS = YES_AGGRESSIVE;
				GCC_WARN_UNUSED_FUNCTION = YES;
				GCC_WARN_UNUSED_VARIABLE = YES;
				IPHONEOS_DEPLOYMENT_TARGET = 10.3;
				MTL_ENABLE_DEBUG_INFO = YES;
				ONLY_ACTIVE_ARCH = YES;
				SDKROOT = iphoneos;
				SWIFT_ACTIVE_COMPILATION_CONDITIONS = DEBUG;
				SWIFT_OPTIMIZATION_LEVEL = "-Onone";
				TARGETED_DEVICE_FAMILY = "1,2";
			};
			name = Debug;
		};
		EBEEE8361EB6EE6C00C83151 /* Release */ = {
			isa = XCBuildConfiguration;
			buildSettings = {
				ALWAYS_SEARCH_USER_PATHS = NO;
				CLANG_ANALYZER_NONNULL = YES;
				CLANG_ANALYZER_NUMBER_OBJECT_CONVERSION = YES_AGGRESSIVE;
				CLANG_CXX_LANGUAGE_STANDARD = "gnu++0x";
				CLANG_CXX_LIBRARY = "libc++";
				CLANG_ENABLE_MODULES = YES;
				CLANG_ENABLE_OBJC_ARC = YES;
				CLANG_WARN_BOOL_CONVERSION = YES;
				CLANG_WARN_CONSTANT_CONVERSION = YES;
				CLANG_WARN_DIRECT_OBJC_ISA_USAGE = YES_ERROR;
				CLANG_WARN_DOCUMENTATION_COMMENTS = YES;
				CLANG_WARN_EMPTY_BODY = YES;
				CLANG_WARN_ENUM_CONVERSION = YES;
				CLANG_WARN_INFINITE_RECURSION = YES;
				CLANG_WARN_INT_CONVERSION = YES;
				CLANG_WARN_OBJC_ROOT_CLASS = YES_ERROR;
				CLANG_WARN_SUSPICIOUS_MOVE = YES;
				CLANG_WARN_UNREACHABLE_CODE = YES;
				CLANG_WARN__DUPLICATE_METHOD_MATCH = YES;
				"CODE_SIGN_IDENTITY[sdk=iphoneos*]" = "iPhone Developer";
				COPY_PHASE_STRIP = NO;
				DEBUG_INFORMATION_FORMAT = "dwarf-with-dsym";
				ENABLE_NS_ASSERTIONS = NO;
				ENABLE_STRICT_OBJC_MSGSEND = YES;
				GCC_C_LANGUAGE_STANDARD = gnu99;
				GCC_NO_COMMON_BLOCKS = YES;
				GCC_WARN_64_TO_32_BIT_CONVERSION = YES;
				GCC_WARN_ABOUT_RETURN_TYPE = YES_ERROR;
				GCC_WARN_UNDECLARED_SELECTOR = YES;
				GCC_WARN_UNINITIALIZED_AUTOS = YES_AGGRESSIVE;
				GCC_WARN_UNUSED_FUNCTION = YES;
				GCC_WARN_UNUSED_VARIABLE = YES;
				IPHONEOS_DEPLOYMENT_TARGET = 10.3;
				MTL_ENABLE_DEBUG_INFO = NO;
				SDKROOT = iphoneos;
				SWIFT_OPTIMIZATION_LEVEL = "-Owholemodule";
				TARGETED_DEVICE_FAMILY = "1,2";
				VALIDATE_PRODUCT = YES;
			};
			name = Release;
		};
		EBEEE8381EB6EE6C00C83151 /* Debug */ = {
			isa = XCBuildConfiguration;
			baseConfigurationReference = 98BDA71C96B13AC3F30B9EAC /* Pods-Ascol.debug.xcconfig */;
			buildSettings = {
				ASSETCATALOG_COMPILER_APPICON_NAME = AppIcon;
				CODE_SIGN_ENTITLEMENTS = Ascol/Ascol.entitlements;
				DEVELOPMENT_TEAM = 8RD37RWZ37;
				INFOPLIST_FILE = Ascol/Info.plist;
				LD_RUNPATH_SEARCH_PATHS = "$(inherited) @executable_path/Frameworks";
				PRODUCT_BUNDLE_IDENTIFIER = com.Jamel.Ascol;
				PRODUCT_NAME = "$(TARGET_NAME)";
				SWIFT_VERSION = 3.0;
			};
			name = Debug;
		};
		EBEEE8391EB6EE6C00C83151 /* Release */ = {
			isa = XCBuildConfiguration;
			baseConfigurationReference = 24E758F952D2C8187A70FEC7 /* Pods-Ascol.release.xcconfig */;
			buildSettings = {
				ASSETCATALOG_COMPILER_APPICON_NAME = AppIcon;
				CODE_SIGN_ENTITLEMENTS = Ascol/Ascol.entitlements;
				DEVELOPMENT_TEAM = 8RD37RWZ37;
				INFOPLIST_FILE = Ascol/Info.plist;
				LD_RUNPATH_SEARCH_PATHS = "$(inherited) @executable_path/Frameworks";
				PRODUCT_BUNDLE_IDENTIFIER = com.Jamel.Ascol;
				PRODUCT_NAME = "$(TARGET_NAME)";
				SWIFT_VERSION = 3.0;
			};
			name = Release;
		};
		EBEEE83B1EB6EE6C00C83151 /* Debug */ = {
			isa = XCBuildConfiguration;
			baseConfigurationReference = 89B281083361AED4FB7DB563 /* Pods-AscolTests.debug.xcconfig */;
			buildSettings = {
				ALWAYS_EMBED_SWIFT_STANDARD_LIBRARIES = YES;
				BUNDLE_LOADER = "$(TEST_HOST)";
				DEVELOPMENT_TEAM = 8RD37RWZ37;
				INFOPLIST_FILE = AscolTests/Info.plist;
				LD_RUNPATH_SEARCH_PATHS = "$(inherited) @executable_path/Frameworks @loader_path/Frameworks";
				PRODUCT_BUNDLE_IDENTIFIER = com.Jamel.AscolTests;
				PRODUCT_NAME = "$(TARGET_NAME)";
				SWIFT_VERSION = 3.0;
				TEST_HOST = "$(BUILT_PRODUCTS_DIR)/Ascol.app/Ascol";
			};
			name = Debug;
		};
		EBEEE83C1EB6EE6C00C83151 /* Release */ = {
			isa = XCBuildConfiguration;
			baseConfigurationReference = 4B302DD4501D3F6605A0A3BC /* Pods-AscolTests.release.xcconfig */;
			buildSettings = {
				ALWAYS_EMBED_SWIFT_STANDARD_LIBRARIES = YES;
				BUNDLE_LOADER = "$(TEST_HOST)";
				DEVELOPMENT_TEAM = 8RD37RWZ37;
				INFOPLIST_FILE = AscolTests/Info.plist;
				LD_RUNPATH_SEARCH_PATHS = "$(inherited) @executable_path/Frameworks @loader_path/Frameworks";
				PRODUCT_BUNDLE_IDENTIFIER = com.Jamel.AscolTests;
				PRODUCT_NAME = "$(TARGET_NAME)";
				SWIFT_VERSION = 3.0;
				TEST_HOST = "$(BUILT_PRODUCTS_DIR)/Ascol.app/Ascol";
			};
			name = Release;
		};
		EBEEE83E1EB6EE6C00C83151 /* Debug */ = {
			isa = XCBuildConfiguration;
			baseConfigurationReference = 3AD6B7D65909DE50BCCF6A9B /* Pods-AscolUITests.debug.xcconfig */;
			buildSettings = {
				ALWAYS_EMBED_SWIFT_STANDARD_LIBRARIES = YES;
				DEVELOPMENT_TEAM = 8RD37RWZ37;
				INFOPLIST_FILE = AscolUITests/Info.plist;
				LD_RUNPATH_SEARCH_PATHS = "$(inherited) @executable_path/Frameworks @loader_path/Frameworks";
				PRODUCT_BUNDLE_IDENTIFIER = com.Jamel.AscolUITests;
				PRODUCT_NAME = "$(TARGET_NAME)";
				SWIFT_VERSION = 3.0;
				TEST_TARGET_NAME = Ascol;
			};
			name = Debug;
		};
		EBEEE83F1EB6EE6C00C83151 /* Release */ = {
			isa = XCBuildConfiguration;
			baseConfigurationReference = CE043780FA55E9D0D3357690 /* Pods-AscolUITests.release.xcconfig */;
			buildSettings = {
				ALWAYS_EMBED_SWIFT_STANDARD_LIBRARIES = YES;
				DEVELOPMENT_TEAM = 8RD37RWZ37;
				INFOPLIST_FILE = AscolUITests/Info.plist;
				LD_RUNPATH_SEARCH_PATHS = "$(inherited) @executable_path/Frameworks @loader_path/Frameworks";
				PRODUCT_BUNDLE_IDENTIFIER = com.Jamel.AscolUITests;
				PRODUCT_NAME = "$(TARGET_NAME)";
				SWIFT_VERSION = 3.0;
				TEST_TARGET_NAME = Ascol;
			};
			name = Release;
		};
/* End XCBuildConfiguration section */

/* Begin XCConfigurationList section */
		EBEEE80A1EB6EE6C00C83151 /* Build configuration list for PBXProject "Ascol" */ = {
			isa = XCConfigurationList;
			buildConfigurations = (
				EBEEE8351EB6EE6C00C83151 /* Debug */,
				EBEEE8361EB6EE6C00C83151 /* Release */,
			);
			defaultConfigurationIsVisible = 0;
			defaultConfigurationName = Release;
		};
		EBEEE8371EB6EE6C00C83151 /* Build configuration list for PBXNativeTarget "Ascol" */ = {
			isa = XCConfigurationList;
			buildConfigurations = (
				EBEEE8381EB6EE6C00C83151 /* Debug */,
				EBEEE8391EB6EE6C00C83151 /* Release */,
			);
			defaultConfigurationIsVisible = 0;
			defaultConfigurationName = Release;
		};
		EBEEE83A1EB6EE6C00C83151 /* Build configuration list for PBXNativeTarget "AscolTests" */ = {
			isa = XCConfigurationList;
			buildConfigurations = (
				EBEEE83B1EB6EE6C00C83151 /* Debug */,
				EBEEE83C1EB6EE6C00C83151 /* Release */,
			);
			defaultConfigurationIsVisible = 0;
			defaultConfigurationName = Release;
		};
		EBEEE83D1EB6EE6C00C83151 /* Build configuration list for PBXNativeTarget "AscolUITests" */ = {
			isa = XCConfigurationList;
			buildConfigurations = (
				EBEEE83E1EB6EE6C00C83151 /* Debug */,
				EBEEE83F1EB6EE6C00C83151 /* Release */,
			);
			defaultConfigurationIsVisible = 0;
			defaultConfigurationName = Release;
		};
/* End XCConfigurationList section */
	};
	rootObject = EBEEE8071EB6EE6C00C83151 /* Project object */;
}
